
Microsoft Visual Studio Solution File, Format Version 12.00
# Visual Studio Version 17
VisualStudioVersion = 17.7.34031.279
MinimumVisualStudioVersion = 10.0.40219.1
Project("{888888A0-9F3D-457C-B088-3A5042F75D52}") = "Validación de entradas en el Formulario PYTHON", "Validación de entradas en el Formulario PYTHON\Validación de entradas en el Formulario PYTHON.pyproj", "{66897278-C912-49F3-856F-37553A4E70EF}"
EndProject
Global
	GlobalSection(SolutionConfigurationPlatforms) = preSolution
		Debug|Any CPU = Debug|Any CPU
		Release|Any CPU = Release|Any CPU
	EndGlobalSection
	GlobalSection(ProjectConfigurationPlatforms) = postSolution
		{66897278-C912-49F3-856F-37553A4E70EF}.Debug|Any CPU.ActiveCfg = Debug|Any CPU
		{66897278-C912-49F3-856F-37553A4E70EF}.Release|Any CPU.ActiveCfg = Release|Any CPU
	EndGlobalSection
	GlobalSection(SolutionProperties) = preSolution
		HideSolutionNode = FALSE
	EndGlobalSection
	GlobalSection(ExtensibilityGlobals) = postSolution
		SolutionGuid = {44483FAA-6D4D-4A59-937E-A3569CD9B874}
	EndGlobalSection
EndGlobal
